github.com/mattn/go-runewidth v0.0.9 h1:Lm995f3rfxdpd6TSmuVCHVb/QhupuXlYr8sCI/QdE+0=
github.com/mattn/go-runewidth v0.0.9/go.mod h1:H031xJmbD/WCDINGzjvQ9THkh0rPKHF+m2gUSrubnMI=
github.com/olekukonko/tablewriter v0.0.5 h1:P2Ga83D34wi1o9J6Wh1mRuqd4mF/x/lgBS7N7AbDhec=
github.com/olekukonko/tablewriter v0.0.5/go.mod h1:hPp6KlRPjbx+hW8ykQs1w3UBbZlj6HuIJcUGPhkA7kY=
github.com/thatisuday/clapper v1.0.10 h1:1EkqE/nb4npp8DuTKnpvVzO/Mcac9lOPND34uUKF+bU=
github.com/thatisuday/clapper v1.0.10/go.mod h1:FQGIg8q2uzeI+3SUS82YKF4E3KexkHStbiK4qTfDknM=
github.com/thatisuday/commando v1.0.4 h1:aNdH9tvmx2EPG6rT3NTQOV/qFYPf4Ap4Spo+q+n9Ois=
github.com/thatisuday/commando v1.0.4/go.mod h1:ODGz6jwJs4QqhLJtCjRRs8xIrmLLMdatYYddP+v1b4E=
